
Microsoft Visual Studio Solution File, Format Version 12.00
# Visual Studio Version 17
VisualStudioVersion = 17.6.33815.320
MinimumVisualStudioVersion = 10.0.40219.1
Project("{9A19103F-16F7-4668-BE54-9A1E7A4F7556}") = "Lab3", "Lab3.csproj", "{70FC50C1-07F3-45E1-89B6-584B6B5CE199}"
EndProject
Global
	GlobalSection(SolutionConfigurationPlatforms) = preSolution
		Debug|Any CPU = Debug|Any CPU
		Release|Any CPU = Release|Any CPU
	EndGlobalSection
	GlobalSection(ProjectConfigurationPlatforms) = postSolution
		{70FC50C1-07F3-45E1-89B6-584B6B5CE199}.Debug|Any CPU.ActiveCfg = Debug|Any CPU
		{70FC50C1-07F3-45E1-89B6-584B6B5CE199}.Debug|Any CPU.Build.0 = Debug|Any CPU
		{70FC50C1-07F3-45E1-89B6-584B6B5CE199}.Release|Any CPU.ActiveCfg = Release|Any CPU
		{70FC50C1-07F3-45E1-89B6-584B6B5CE199}.Release|Any CPU.Build.0 = Release|Any CPU
	EndGlobalSection
	GlobalSection(SolutionProperties) = preSolution
		HideSolutionNode = FALSE
	EndGlobalSection
	GlobalSection(ExtensibilityGlobals) = postSolution
		SolutionGuid = {15160E24-BC3D-4E10-8702-ABBB2B86FFC2}
	EndGlobalSection
EndGlobal
